# This file was autogenerated by Stack.
# You should not edit this file by hand.
# For more information, please see the documentation at:
#   https://docs.haskellstack.org/en/stable/lock_files

packages:
- completed:
    hackage: HDBC-sqlite3-2.3.3.1@sha256:5025fd94d02b9b3f0b8b8233796dd9a85a0b3dda6503c6e671e3eddbc51cb4d4,2424
    pantry-tree:
      sha256: 76e71f73502350ed3fe5fc64604a21a3c8027d49fe6846183d53dbdaf583437a
      size: 1427
  original:
    hackage: HDBC-sqlite3-2.3.3.1@sha256:5025fd94d02b9b3f0b8b8233796dd9a85a0b3dda6503c6e671e3eddbc51cb4d4,2424
snapshots:
- completed:
    sha256: a684cdbdf9304b325a503e0fe1d9648e9c18155ce4c7cfebbe8a7f93674e6295
    size: 649106
    url: https://raw.githubusercontent.com/commercialhaskell/stackage-snapshots/master/lts/20/5.yaml
  original:
    url: https://raw.githubusercontent.com/commercialhaskell/stackage-snapshots/master/lts/20/5.yaml
