# This file was autogenerated by Stack.
# You should not edit this file by hand.
# For more information, please see the documentation at:
#   https://docs.haskellstack.org/en/stable/topics/lock_files

packages:
- completed:
    hackage: HDBC-sqlite3-2.3.3.1@sha256:5025fd94d02b9b3f0b8b8233796dd9a85a0b3dda6503c6e671e3eddbc51cb4d4,2424
    pantry-tree:
      sha256: 76e71f73502350ed3fe5fc64604a21a3c8027d49fe6846183d53dbdaf583437a
      size: 1427
  original:
    hackage: HDBC-sqlite3-2.3.3.1
- completed:
    hackage: HDBC-postgresql-2.5.0.1@sha256:37bb911cd996d12c91fa711002877f32f91bcc488de76d85a05865c3af9dc580,3032
    pantry-tree:
      sha256: bb1e349a28844e59ed36e1a3963cd6946e57f5e39244a6d36397d6291d68a138
      size: 1611
  original:
    hackage: HDBC-postgresql-2.5.0.1
- completed:
    hackage: resource-pool-0.4.0.0@sha256:9c1e448a159875e21a7e68697feee2b61a4e584720974fa465a2fa1bc0776c73,1342
    pantry-tree:
      sha256: 1008fbb9b6bd9d12925989f2708af612daa3a8ebf3a56763016231461d9e314f
      size: 406
  original:
    hackage: resource-pool-0.4.0.0
snapshots:
- completed:
    sha256: f592ccae88c5efa69a260bd28753475c1d076d0d3d301ecada7c38f0df363e54
    size: 685947
    url: https://raw.githubusercontent.com/commercialhaskell/stackage-snapshots/master/nightly/2025/5/1.yaml
  original: nightly-2025-05-01
